
Microsoft Visual Studio Solution File, Format Version 12.00
# Visual Studio 15
VisualStudioVersion = 15.0.28010.2016
MinimumVisualStudioVersion = 10.0.40219.1
Project("{FAE04EC0-301F-11D3-BF4B-00C04F79EFBC}") = "lab5", "lab5\lab5.csproj", "{C1064D47-7D6D-4589-BF14-CA389E845A4A}"
EndProject
Global
	GlobalSection(SolutionConfigurationPlatforms) = preSolution
		Debug|Any CPU = Debug|Any CPU
		Release|Any CPU = Release|Any CPU
	EndGlobalSection
	GlobalSection(ProjectConfigurationPlatforms) = postSolution
		{C1064D47-7D6D-4589-BF14-CA389E845A4A}.Debug|Any CPU.ActiveCfg = Debug|Any CPU
		{C1064D47-7D6D-4589-BF14-CA389E845A4A}.Debug|Any CPU.Build.0 = Debug|Any CPU
		{C1064D47-7D6D-4589-BF14-CA389E845A4A}.Release|Any CPU.ActiveCfg = Release|Any CPU
		{C1064D47-7D6D-4589-BF14-CA389E845A4A}.Release|Any CPU.Build.0 = Release|Any CPU
	EndGlobalSection
	GlobalSection(SolutionProperties) = preSolution
		HideSolutionNode = FALSE
	EndGlobalSection
	GlobalSection(ExtensibilityGlobals) = postSolution
		SolutionGuid = {82EC7CE0-C6F3-4CA2-AFDD-2B757C0D819C}
	EndGlobalSection
EndGlobal
